<?xml version="1.0" encoding="utf-8"?>
<Project ToolsVersion="4.0" xmlns="http://schemas.microsoft.com/developer/msbuild/2003">
  <ItemGroup>
    <Filter Include="Source Files">
      <UniqueIdentifier>{4FC737F1-C7A5-4376-A066-2A32D752A2FF}</UniqueIdentifier>
      <Extensions>cpp;c;cc;cxx;c++;cppm;ixx;def;odl;idl;hpj;bat;asm;asmx</Extensions>
    </Filter>
    <Filter Include="Header Files">
      <UniqueIdentifier>{93995380-89BD-4b04-88EB-625FBE52EBFB}</UniqueIdentifier>
      <Extensions>h;hh;hpp;hxx;h++;hm;inl;inc;ipp;xsd</Extensions>
    </Filter>
    <Filter Include="Resource Files">
      <UniqueIdentifier>{67DA6AB6-F800-4c08-8B7A-83BB121AAD01}</UniqueIdentifier>
      <Extensions>rc;ico;cur;bmp;dlg;rc2;rct;bin;rgs;gif;jpg;jpeg;jpe;resx;tiff;tif;png;wav;mfcribbon-ms</Extensions>
    </Filter>
    <Filter Include="Resource Files\Fonts">
      <UniqueIdentifier>{26f4fd8f-3630-49c0-a476-b7594408488c}</UniqueIdentifier>
    </Filter>
    <Filter Include="Resource Files\Skybox">
      <UniqueIdentifier>{3ea6208e-f906-4664-a0d5-deeda5920855}</UniqueIdentifier>
    </Filter>
    <Filter Include="Resource Files\Meshes">
      <UniqueIdentifier>{b2c52395-b357-46bb-8984-8ed6c22165c7}</UniqueIdentifier>
    </Filter>
  </ItemGroup>
  <ItemGroup>
    <ClCompile Include="main.cpp">
      <Filter>Source Files</Filter>
    </ClCompile>
    <ClCompile Include="glad.c">
      <Filter>Source Files</Filter>
    </ClCompile>
    <ClCompile Include="MazeHandler.cpp">
      <Filter>Source Files</Filter>
    </ClCompile>
    <ClCompile Include="MazeGenerator.cpp">
      <Filter>Source Files</Filter>
    </ClCompile>
    <ClCompile Include="stb_image.cpp">
      <Filter>Source Files</Filter>
    </ClCompile>
    <ClCompile Include="CollisionDetector.cpp">
      <Filter>Source Files</Filter>
    </ClCompile>
    <ClCompile Include="MazeObject.cpp">
      <Filter>Source Files</Filter>
    </ClCompile>
    <ClCompile Include="InteractionDetector.cpp">
      <Filter>Source Files</Filter>
    </ClCompile>
    <ClCompile Include="Mesh.cpp">
      <Filter>Source Files</Filter>
    </ClCompile>
    <ClCompile Include="Model.cpp">
      <Filter>Source Files</Filter>
    </ClCompile>
    <ClCompile Include="InteractionObject.cpp">
      <Filter>Source Files</Filter>
    </ClCompile>
  </ItemGroup>
  <ItemGroup>
    <ClInclude Include="stb_image.h">
      <Filter>Header Files</Filter>
    </ClInclude>
    <ClInclude Include="MazeHandler.h">
      <Filter>Header Files</Filter>
    </ClInclude>
    <ClInclude Include="shader.h">
      <Filter>Header Files</Filter>
    </ClInclude>
    <ClInclude Include="CollisionDetector.h">
      <Filter>Header Files</Filter>
    </ClInclude>
    <ClInclude Include="MazeObject.h">
      <Filter>Header Files</Filter>
    </ClInclude>
    <ClInclude Include="InteractionDetector.h">
      <Filter>Header Files</Filter>
    </ClInclude>
    <ClInclude Include="Mesh.h">
      <Filter>Header Files</Filter>
    </ClInclude>
    <ClInclude Include="Model.h">
      <Filter>Header Files</Filter>
    </ClInclude>
    <ClInclude Include="camera.h">
      <Filter>Header Files</Filter>
    </ClInclude>
    <ClInclude Include="InteractionObject.h">
      <Filter>Header Files</Filter>
    </ClInclude>
  </ItemGroup>
  <ItemGroup>
    <Text Include="maze.txt">
      <Filter>Source Files</Filter>
    </Text>
  </ItemGroup>
  <ItemGroup>
    <Image Include="SkyBox\back.jpg">
      <Filter>Resource Files\Skybox</Filter>
    </Image>
    <Image Include="SkyBox\bottom.jpg">
      <Filter>Resource Files\Skybox</Filter>
    </Image>
    <Image Include="SkyBox\front.jpg">
      <Filter>Resource Files\Skybox</Filter>
    </Image>
    <Image Include="SkyBox\left.jpg">
      <Filter>Resource Files\Skybox</Filter>
    </Image>
    <Image Include="SkyBox\right.jpg">
      <Filter>Resource Files\Skybox</Filter>
    </Image>
    <Image Include="SkyBox\top.jpg">
      <Filter>Resource Files\Skybox</Filter>
    </Image>
    <Image Include="stained_wall_temp_texture.jpg">
      <Filter>Resource Files</Filter>
    </Image>
  </ItemGroup>
  <ItemGroup>
    <None Include="SkyBox\skybox.fs" />
    <None Include="SkyBox\skybox.vs" />
    <None Include="text.fs" />
    <None Include="text.vs" />
    <None Include="model_loading.vs" />
    <None Include="model_loading.fs" />
    <None Include="light_object.fs" />
    <None Include="light_object.vs" />
  </ItemGroup>
  <ItemGroup>
    <Font Include="Fonts\arial.ttf">
      <Filter>Resource Files\Fonts</Filter>
    </Font>
    <Font Include="Fonts\arialbd.ttf">
      <Filter>Resource Files\Fonts</Filter>
    </Font>
    <Font Include="Fonts\arialbi.ttf">
      <Filter>Resource Files\Fonts</Filter>
    </Font>
    <Font Include="Fonts\ariali.ttf">
      <Filter>Resource Files\Fonts</Filter>
    </Font>
    <Font Include="Fonts\ARIALN.TTF">
      <Filter>Resource Files\Fonts</Filter>
    </Font>
    <Font Include="Fonts\ARIALNB.TTF">
      <Filter>Resource Files\Fonts</Filter>
    </Font>
    <Font Include="Fonts\ARIALNBI.TTF">
      <Filter>Resource Files\Fonts</Filter>
    </Font>
    <Font Include="Fonts\ARIALNI.TTF">
      <Filter>Resource Files\Fonts</Filter>
    </Font>
    <Font Include="Fonts\ariblk.ttf">
      <Filter>Resource Files\Fonts</Filter>
    </Font>
  </ItemGroup>
  <ItemGroup>
    <Media Include="Sound\umph.mp3">
      <Filter>Resource Files</Filter>
    </Media>
  </ItemGroup>
</Project>